
Microsoft Visual Studio Solution File, Format Version 12.00
# Visual Studio 14
VisualStudioVersion = 14.0.25123.0
MinimumVisualStudioVersion = 10.0.40219.1
Project("{2150E333-8FDC-42A3-9474-1A3956D46DE8}") = "src", "src", "{9DC6D516-73E4-4B75-A8A4-A5DC44205E78}"
EndProject
Project("{2150E333-8FDC-42A3-9474-1A3956D46DE8}") = "Solution Items", "Solution Items", "{5BC2328E-3803-4C47-B68C-224D976818D5}"
	ProjectSection(SolutionItems) = preProject
		global.json = global.json
	EndProjectSection
EndProject
Project("{8BB2217D-0F2D-49D1-97BC-3654ED321F3B}") = "d3-sample-app", "src\d3-sample-app\d3-sample-app.xproj", "{ED439CFE-FEAA-4FBC-A20F-E71D9FC3BC3D}"
EndProject
Global
	GlobalSection(SolutionConfigurationPlatforms) = preSolution
		Debug|Any CPU = Debug|Any CPU
		Release|Any CPU = Release|Any CPU
	EndGlobalSection
	GlobalSection(ProjectConfigurationPlatforms) = postSolution
		{ED439CFE-FEAA-4FBC-A20F-E71D9FC3BC3D}.Debug|Any CPU.ActiveCfg = Debug|Any CPU
		{ED439CFE-FEAA-4FBC-A20F-E71D9FC3BC3D}.Debug|Any CPU.Build.0 = Debug|Any CPU
		{ED439CFE-FEAA-4FBC-A20F-E71D9FC3BC3D}.Release|Any CPU.ActiveCfg = Release|Any CPU
		{ED439CFE-FEAA-4FBC-A20F-E71D9FC3BC3D}.Release|Any CPU.Build.0 = Release|Any CPU
	EndGlobalSection
	GlobalSection(SolutionProperties) = preSolution
		HideSolutionNode = FALSE
	EndGlobalSection
	GlobalSection(NestedProjects) = preSolution
		{ED439CFE-FEAA-4FBC-A20F-E71D9FC3BC3D} = {9DC6D516-73E4-4B75-A8A4-A5DC44205E78}
	EndGlobalSection
EndGlobal
